{
  "nodes": {
    "crane": {
      "locked": {
        "lastModified": 1765739568,
        "narHash": "sha256-gQYx35Of4UDKUjAYvmxjUEh/DdszYeTtT6MDin4loGE=",
        "owner": "ipetkov",
        "repo": "crane",
        "rev": "67d2baff0f9f677af35db61b32b5df6863bcc075",
        "type": "github"
      },
      "original": {
        "owner": "ipetkov",
        "repo": "crane",
        "type": "github"
      }
    },
    "flake-parts": {
      "inputs": {
        "nixpkgs-lib": [
          "nixpkgs"
        ]
      },
      "locked": {
        "lastModified": 1768135262,
        "narHash": "sha256-PVvu7OqHBGWN16zSi6tEmPwwHQ4rLPU9Plvs8/1TUBY=",
        "owner": "hercules-ci",
        "repo": "flake-parts",
        "rev": "80daad04eddbbf5a4d883996a73f3f542fa437ac",
        "type": "github"
      },
      "original": {
        "owner": "hercules-ci",
        "repo": "flake-parts",
        "type": "github"
      }
    },
    "flake-utils": {
      "inputs": {
        "systems": "systems"
      },
      "locked": {
        "lastModified": 1731533236,
        "narHash": "sha256-l0KFg5HjrsfsO/JpG+r7fRrqm12kzFHyUHqHCVpMMbI=",
        "owner": "numtide",
        "repo": "flake-utils",
        "rev": "11707dc2f618dd54ca8739b309ec4fc024de578b",
        "type": "github"
      },
      "original": {
        "owner": "numtide",
        "repo": "flake-utils",
        "type": "github"
      }
    },
    "home-manager": {
      "inputs": {
        "nixpkgs": [
          "nixpkgs"
        ]
      },
      "locked": {
        "lastModified": 1768068402,
        "narHash": "sha256-bAXnnJZKJiF7Xr6eNW6+PhBf1lg2P1aFUO9+xgWkXfA=",
        "owner": "nix-community",
        "repo": "home-manager",
        "rev": "8bc5473b6bc2b6e1529a9c4040411e1199c43b4c",
        "type": "github"
      },
      "original": {
        "owner": "nix-community",
        "repo": "home-manager",
        "type": "github"
      }
    },
    "neovim-nightly-overlay": {
      "inputs": {
        "flake-parts": [
          "flake-parts"
        ],
        "neovim-src": "neovim-src",
        "nixpkgs": [
          "nixpkgs"
        ]
      },
      "locked": {
        "lastModified": 1768089909,
        "narHash": "sha256-ZhOqOA935D9Nt9jVZpvna0AoyLDyrqgHs7ZpRCFXads=",
        "owner": "nix-community",
        "repo": "neovim-nightly-overlay",
        "rev": "da3ebf6278515f20c5ad3c65d11cce833acdf73c",
        "type": "github"
      },
      "original": {
        "owner": "nix-community",
        "repo": "neovim-nightly-overlay",
        "type": "github"
      }
    },
    "neovim-src": {
      "flake": false,
      "locked": {
        "lastModified": 1768087477,
        "narHash": "sha256-oGeGdfuUv1ZMeITtElyxCOmiRmSuIquwP8fb6OSDDt4=",
        "owner": "neovim",
        "repo": "neovim",
        "rev": "ba7e17160df2088251217d059ad3441253b74993",
        "type": "github"
      },
      "original": {
        "owner": "neovim",
        "repo": "neovim",
        "type": "github"
      }
    },
    "nix-vscode-extensions": {
      "inputs": {
        "nixpkgs": [
          "nixpkgs"
        ]
      },
      "locked": {
        "lastModified": 1768123067,
        "narHash": "sha256-71CGuJL3sfJImTxYW/JvdV9ZlFM2TOBlm1K5KmS0vIY=",
        "owner": "nix-community",
        "repo": "nix-vscode-extensions",
        "rev": "fbbb703a4b0f54feb18364274f947e45bf1b6292",
        "type": "github"
      },
      "original": {
        "owner": "nix-community",
        "repo": "nix-vscode-extensions",
        "type": "github"
      }
    },
    "nixpkgs": {
      "locked": {
        "lastModified": 1768127708,
        "narHash": "sha256-1Sm77VfZh3mU0F5OqKABNLWxOuDeHIlcFjsXeeiPazs=",
        "owner": "nixos",
        "repo": "nixpkgs",
        "rev": "ffbc9f8cbaacfb331b6017d5a5abb21a492c9a38",
        "type": "github"
      },
      "original": {
        "owner": "nixos",
        "ref": "nixos-unstable",
        "repo": "nixpkgs",
        "type": "github"
      }
    },
    "noctalia": {
      "inputs": {
        "nixpkgs": [
          "nixpkgs"
        ]
      },
      "locked": {
        "lastModified": 1768165554,
        "narHash": "sha256-oUmbaJuAdRwr97ySDaI6Sb/HrVmKVGZiqkvj66w5EN4=",
        "owner": "noctalia-dev",
        "repo": "noctalia-shell",
        "rev": "62798d5c57fde04be310561c1e9e2ab5181e2081",
        "type": "github"
      },
      "original": {
        "owner": "noctalia-dev",
        "repo": "noctalia-shell",
        "type": "github"
      }
    },
    "root": {
      "inputs": {
        "flake-parts": "flake-parts",
        "home-manager": "home-manager",
        "neovim-nightly-overlay": "neovim-nightly-overlay",
        "nix-vscode-extensions": "nix-vscode-extensions",
        "nixpkgs": "nixpkgs",
        "noctalia": "noctalia",
        "rust-overlay": "rust-overlay",
        "zjstatus": "zjstatus"
      }
    },
    "rust-overlay": {
      "inputs": {
        "nixpkgs": [
          "nixpkgs"
        ]
      },
      "locked": {
        "lastModified": 1768100056,
        "narHash": "sha256-2GWCrsoWIuEXrzdKR2DPnoDhA5SqW7CGNO+Absni054=",
        "owner": "oxalica",
        "repo": "rust-overlay",
        "rev": "71a69fd633552550de7cb05cc149e4a99ff6f3b6",
        "type": "github"
      },
      "original": {
        "owner": "oxalica",
        "repo": "rust-overlay",
        "type": "github"
      }
    },
    "systems": {
      "locked": {
        "lastModified": 1681028828,
        "narHash": "sha256-Vy1rq5AaRuLzOxct8nz4T6wlgyUR7zLU309k9mBC768=",
        "owner": "nix-systems",
        "repo": "default",
        "rev": "da67096a3b9bf56a91d16901293e51ba5b49a27e",
        "type": "github"
      },
      "original": {
        "owner": "nix-systems",
        "repo": "default",
        "type": "github"
      }
    },
    "zjstatus": {
      "inputs": {
        "crane": "crane",
        "flake-utils": "flake-utils",
        "nixpkgs": [
          "nixpkgs"
        ],
        "rust-overlay": [
          "rust-overlay"
        ]
      },
      "locked": {
        "lastModified": 1766016463,
        "narHash": "sha256-aWp608krMtk5I+c3GXyuHkb6ugah40cBI0R52fNqMiI=",
        "owner": "dj95",
        "repo": "zjstatus",
        "rev": "9a4b88fdceee8eb2b8c28111c53e94254d61c994",
        "type": "github"
      },
      "original": {
        "owner": "dj95",
        "repo": "zjstatus",
        "type": "github"
      }
    }
  },
  "root": "root",
  "version": 7
}
